
Microsoft Visual Studio Solution File, Format Version 12.00
# Visual Studio Version 17
VisualStudioVersion = 17.9.34728.123
MinimumVisualStudioVersion = 10.0.40219.1
Project("{FAE04EC0-301F-11D3-BF4B-00C04F79EFBC}") = "BT010_NapDaySoTinhTong", "BT010_NapDaySoTinhTong.csproj", "{2EDCA8B2-AE02-42CE-A1AA-8A5691347C14}"
EndProject
Global
	GlobalSection(SolutionConfigurationPlatforms) = preSolution
		Debug|Any CPU = Debug|Any CPU
		Release|Any CPU = Release|Any CPU
	EndGlobalSection
	GlobalSection(ProjectConfigurationPlatforms) = postSolution
		{2EDCA8B2-AE02-42CE-A1AA-8A5691347C14}.Debug|Any CPU.ActiveCfg = Debug|Any CPU
		{2EDCA8B2-AE02-42CE-A1AA-8A5691347C14}.Debug|Any CPU.Build.0 = Debug|Any CPU
		{2EDCA8B2-AE02-42CE-A1AA-8A5691347C14}.Release|Any CPU.ActiveCfg = Release|Any CPU
		{2EDCA8B2-AE02-42CE-A1AA-8A5691347C14}.Release|Any CPU.Build.0 = Release|Any CPU
	EndGlobalSection
	GlobalSection(SolutionProperties) = preSolution
		HideSolutionNode = FALSE
	EndGlobalSection
	GlobalSection(ExtensibilityGlobals) = postSolution
		SolutionGuid = {84169003-0B90-4EBD-8EF8-B37AD64C6114}
	EndGlobalSection
EndGlobal
